// !$*UTF8*$!
{
	archiveVersion = 1;
	classes = {
	};
	objectVersion = 46;
	objects = {

/* Begin PBXBuildFile section */
		85326DC21821FF2B00414E02 /* Foundation.framework in Frameworks */ = {isa = PBXBuildFile; fileRef = 85326DC11821FF2B00414E02 /* Foundation.framework */; };
		85326DC41821FF2B00414E02 /* CoreGraphics.framework in Frameworks */ = {isa = PBXBuildFile; fileRef = 85326DC31821FF2B00414E02 /* CoreGraphics.framework */; };
		85326DC61821FF2B00414E02 /* UIKit.framework in Frameworks */ = {isa = PBXBuildFile; fileRef = 85326DC51821FF2B00414E02 /* UIKit.framework */; };
		85326DCC1821FF2B00414E02 /* InfoPlist.strings in Resources */ = {isa = PBXBuildFile; fileRef = 85326DCA1821FF2B00414E02 /* InfoPlist.strings */; };
		85326DCE1821FF2B00414E02 /* main.m in Sources */ = {isa = PBXBuildFile; fileRef = 85326DCD1821FF2B00414E02 /* main.m */; };
		85326DD21821FF2B00414E02 /* AppDelegate.m in Sources */ = {isa = PBXBuildFile; fileRef = 85326DD11821FF2B00414E02 /* AppDelegate.m */; };
		85326DD51821FF2B00414E02 /* Main.storyboard in Resources */ = {isa = PBXBuildFile; fileRef = 85326DD31821FF2B00414E02 /* Main.storyboard */; };
		85326DD81821FF2B00414E02 /* ViewController.m in Sources */ = {isa = PBXBuildFile; fileRef = 85326DD71821FF2B00414E02 /* ViewController.m */; };
		85326DDA1821FF2B00414E02 /* Images.xcassets in Resources */ = {isa = PBXBuildFile; fileRef = 85326DD91821FF2B00414E02 /* Images.xcassets */; };
		85326DE11821FF2B00414E02 /* XCTest.framework in Frameworks */ = {isa = PBXBuildFile; fileRef = 85326DE01821FF2B00414E02 /* XCTest.framework */; };
		85326DE21821FF2B00414E02 /* Foundation.framework in Frameworks */ = {isa = PBXBuildFile; fileRef = 85326DC11821FF2B00414E02 /* Foundation.framework */; };
		85326DE31821FF2B00414E02 /* UIKit.framework in Frameworks */ = {isa = PBXBuildFile; fileRef = 85326DC51821FF2B00414E02 /* UIKit.framework */; };
		85326DEB1821FF2B00414E02 /* InfoPlist.strings in Resources */ = {isa = PBXBuildFile; fileRef = 85326DE91821FF2B00414E02 /* InfoPlist.strings */; };
		85326DED1821FF2B00414E02 /* RatingsTests.m in Sources */ = {isa = PBXBuildFile; fileRef = 85326DEC1821FF2B00414E02 /* RatingsTests.m */; };
		85326E0F182204F900414E02 /* 1Star.png in Resources */ = {isa = PBXBuildFile; fileRef = 85326DF7182204F900414E02 /* 1Star.png */; };
		85326E10182204F900414E02 /* 1Star@2x.png in Resources */ = {isa = PBXBuildFile; fileRef = 85326DF8182204F900414E02 /* 1Star@2x.png */; };
		85326E11182204F900414E02 /* 1StarSmall.png in Resources */ = {isa = PBXBuildFile; fileRef = 85326DF9182204F900414E02 /* 1StarSmall.png */; };
		85326E12182204F900414E02 /* 1StarSmall@2x.png in Resources */ = {isa = PBXBuildFile; fileRef = 85326DFA182204F900414E02 /* 1StarSmall@2x.png */; };
		85326E13182204F900414E02 /* 2Stars.png in Resources */ = {isa = PBXBuildFile; fileRef = 85326DFB182204F900414E02 /* 2Stars.png */; };
		85326E14182204F900414E02 /* 2Stars@2x.png in Resources */ = {isa = PBXBuildFile; fileRef = 85326DFC182204F900414E02 /* 2Stars@2x.png */; };
		85326E15182204F900414E02 /* 2StarsSmall.png in Resources */ = {isa = PBXBuildFile; fileRef = 85326DFD182204F900414E02 /* 2StarsSmall.png */; };
		85326E16182204F900414E02 /* 2StarsSmall@2x.png in Resources */ = {isa = PBXBuildFile; fileRef = 85326DFE182204F900414E02 /* 2StarsSmall@2x.png */; };
		85326E17182204F900414E02 /* 3Stars.png in Resources */ = {isa = PBXBuildFile; fileRef = 85326DFF182204F900414E02 /* 3Stars.png */; };
		85326E18182204F900414E02 /* 3Stars@2x.png in Resources */ = {isa = PBXBuildFile; fileRef = 85326E00182204F900414E02 /* 3Stars@2x.png */; };
		85326E19182204F900414E02 /* 3StarsSmall.png in Resources */ = {isa = PBXBuildFile; fileRef = 85326E01182204F900414E02 /* 3StarsSmall.png */; };
		85326E1A182204F900414E02 /* 3StarsSmall@2x.png in Resources */ = {isa = PBXBuildFile; fileRef = 85326E02182204F900414E02 /* 3StarsSmall@2x.png */; };
		85326E1B182204F900414E02 /* 4Stars.png in Resources */ = {isa = PBXBuildFile; fileRef = 85326E03182204F900414E02 /* 4Stars.png */; };
		85326E1C182204F900414E02 /* 4Stars@2x.png in Resources */ = {isa = PBXBuildFile; fileRef = 85326E04182204F900414E02 /* 4Stars@2x.png */; };
		85326E1D182204F900414E02 /* 4StarsSmall.png in Resources */ = {isa = PBXBuildFile; fileRef = 85326E05182204F900414E02 /* 4StarsSmall.png */; };
		85326E1E182204F900414E02 /* 4StarsSmall@2x.png in Resources */ = {isa = PBXBuildFile; fileRef = 85326E06182204F900414E02 /* 4StarsSmall@2x.png */; };
		85326E1F182204F900414E02 /* 5Stars.png in Resources */ = {isa = PBXBuildFile; fileRef = 85326E07182204F900414E02 /* 5Stars.png */; };
		85326E20182204F900414E02 /* 5Stars@2x.png in Resources */ = {isa = PBXBuildFile; fileRef = 85326E08182204F900414E02 /* 5Stars@2x.png */; };
		85326E21182204F900414E02 /* 5StarsSmall.png in Resources */ = {isa = PBXBuildFile; fileRef = 85326E09182204F900414E02 /* 5StarsSmall.png */; };
		85326E22182204F900414E02 /* 5StarsSmall@2x.png in Resources */ = {isa = PBXBuildFile; fileRef = 85326E0A182204F900414E02 /* 5StarsSmall@2x.png */; };
		85326E23182204F900414E02 /* Gestures.png in Resources */ = {isa = PBXBuildFile; fileRef = 85326E0B182204F900414E02 /* Gestures.png */; };
		85326E24182204F900414E02 /* Gestures@2x.png in Resources */ = {isa = PBXBuildFile; fileRef = 85326E0C182204F900414E02 /* Gestures@2x.png */; };
		85326E25182204F900414E02 /* Players.png in Resources */ = {isa = PBXBuildFile; fileRef = 85326E0D182204F900414E02 /* Players.png */; };
		85326E26182204F900414E02 /* Players@2x.png in Resources */ = {isa = PBXBuildFile; fileRef = 85326E0E182204F900414E02 /* Players@2x.png */; };
		85326E291822063500414E02 /* PlayersViewController.m in Sources */ = {isa = PBXBuildFile; fileRef = 85326E281822063500414E02 /* PlayersViewController.m */; };
		85326E2C182206D300414E02 /* Player.m in Sources */ = {isa = PBXBuildFile; fileRef = 85326E2B182206D300414E02 /* Player.m */; };
		85326E2F182210AB00414E02 /* PlayerCell.m in Sources */ = {isa = PBXBuildFile; fileRef = 85326E2E182210AB00414E02 /* PlayerCell.m */; };
		8585C1A418222DA600386110 /* PlayerDetailsViewController.m in Sources */ = {isa = PBXBuildFile; fileRef = 8585C1A318222DA600386110 /* PlayerDetailsViewController.m */; };
/* End PBXBuildFile section */

/* Begin PBXContainerItemProxy section */
		85326DE41821FF2B00414E02 /* PBXContainerItemProxy */ = {
			isa = PBXContainerItemProxy;
			containerPortal = 85326DB61821FF2B00414E02 /* Project object */;
			proxyType = 1;
			remoteGlobalIDString = 85326DBD1821FF2B00414E02;
			remoteInfo = Ratings;
		};
/* End PBXContainerItemProxy section */

/* Begin PBXFileReference section */
		85326DBE1821FF2B00414E02 /* Ratings.app */ = {isa = PBXFileReference; explicitFileType = wrapper.application; includeInIndex = 0; path = Ratings.app; sourceTree = BUILT_PRODUCTS_DIR; };
		85326DC11821FF2B00414E02 /* Foundation.framework */ = {isa = PBXFileReference; lastKnownFileType = wrapper.framework; name = Foundation.framework; path = System/Library/Frameworks/Foundation.framework; sourceTree = SDKROOT; };
		85326DC31821FF2B00414E02 /* CoreGraphics.framework */ = {isa = PBXFileReference; lastKnownFileType = wrapper.framework; name = CoreGraphics.framework; path = System/Library/Frameworks/CoreGraphics.framework; sourceTree = SDKROOT; };
		85326DC51821FF2B00414E02 /* UIKit.framework */ = {isa = PBXFileReference; lastKnownFileType = wrapper.framework; name = UIKit.framework; path = System/Library/Frameworks/UIKit.framework; sourceTree = SDKROOT; };
		85326DC91821FF2B00414E02 /* Ratings-Info.plist */ = {isa = PBXFileReference; lastKnownFileType = text.plist.xml; path = "Ratings-Info.plist"; sourceTree = "<group>"; };
		85326DCB1821FF2B00414E02 /* en */ = {isa = PBXFileReference; lastKnownFileType = text.plist.strings; name = en; path = en.lproj/InfoPlist.strings; sourceTree = "<group>"; };
		85326DCD1821FF2B00414E02 /* main.m */ = {isa = PBXFileReference; lastKnownFileType = sourcecode.c.objc; path = main.m; sourceTree = "<group>"; };
		85326DCF1821FF2B00414E02 /* Ratings-Prefix.pch */ = {isa = PBXFileReference; lastKnownFileType = sourcecode.c.h; path = "Ratings-Prefix.pch"; sourceTree = "<group>"; };
		85326DD01821FF2B00414E02 /* AppDelegate.h */ = {isa = PBXFileReference; lastKnownFileType = sourcecode.c.h; path = AppDelegate.h; sourceTree = "<group>"; };
		85326DD11821FF2B00414E02 /* AppDelegate.m */ = {isa = PBXFileReference; lastKnownFileType = sourcecode.c.objc; path = AppDelegate.m; sourceTree = "<group>"; };
		85326DD41821FF2B00414E02 /* Base */ = {isa = PBXFileReference; lastKnownFileType = file.storyboard; name = Base; path = Base.lproj/Main.storyboard; sourceTree = "<group>"; };
		85326DD61821FF2B00414E02 /* ViewController.h */ = {isa = PBXFileReference; lastKnownFileType = sourcecode.c.h; path = ViewController.h; sourceTree = "<group>"; };
		85326DD71821FF2B00414E02 /* ViewController.m */ = {isa = PBXFileReference; lastKnownFileType = sourcecode.c.objc; path = ViewController.m; sourceTree = "<group>"; };
		85326DD91821FF2B00414E02 /* Images.xcassets */ = {isa = PBXFileReference; lastKnownFileType = folder.assetcatalog; path = Images.xcassets; sourceTree = "<group>"; };
		85326DDF1821FF2B00414E02 /* RatingsTests.xctest */ = {isa = PBXFileReference; explicitFileType = wrapper.cfbundle; includeInIndex = 0; path = RatingsTests.xctest; sourceTree = BUILT_PRODUCTS_DIR; };
		85326DE01821FF2B00414E02 /* XCTest.framework */ = {isa = PBXFileReference; lastKnownFileType = wrapper.framework; name = XCTest.framework; path = Library/Frameworks/XCTest.framework; sourceTree = DEVELOPER_DIR; };
		85326DE81821FF2B00414E02 /* RatingsTests-Info.plist */ = {isa = PBXFileReference; lastKnownFileType = text.plist.xml; path = "RatingsTests-Info.plist"; sourceTree = "<group>"; };
		85326DEA1821FF2B00414E02 /* en */ = {isa = PBXFileReference; lastKnownFileType = text.plist.strings; name = en; path = en.lproj/InfoPlist.strings; sourceTree = "<group>"; };
		85326DEC1821FF2B00414E02 /* RatingsTests.m */ = {isa = PBXFileReference; lastKnownFileType = sourcecode.c.objc; path = RatingsTests.m; sourceTree = "<group>"; };
		85326DF7182204F900414E02 /* 1Star.png */ = {isa = PBXFileReference; lastKnownFileType = image.png; path = 1Star.png; sourceTree = "<group>"; };
		85326DF8182204F900414E02 /* 1Star@2x.png */ = {isa = PBXFileReference; lastKnownFileType = image.png; path = "1Star@2x.png"; sourceTree = "<group>"; };
		85326DF9182204F900414E02 /* 1StarSmall.png */ = {isa = PBXFileReference; lastKnownFileType = image.png; path = 1StarSmall.png; sourceTree = "<group>"; };
		85326DFA182204F900414E02 /* 1StarSmall@2x.png */ = {isa = PBXFileReference; lastKnownFileType = image.png; path = "1StarSmall@2x.png"; sourceTree = "<group>"; };
		85326DFB182204F900414E02 /* 2Stars.png */ = {isa = PBXFileReference; lastKnownFileType = image.png; path = 2Stars.png; sourceTree = "<group>"; };
		85326DFC182204F900414E02 /* 2Stars@2x.png */ = {isa = PBXFileReference; lastKnownFileType = image.png; path = "2Stars@2x.png"; sourceTree = "<group>"; };
		85326DFD182204F900414E02 /* 2StarsSmall.png */ = {isa = PBXFileReference; lastKnownFileType = image.png; path = 2StarsSmall.png; sourceTree = "<group>"; };
		85326DFE182204F900414E02 /* 2StarsSmall@2x.png */ = {isa = PBXFileReference; lastKnownFileType = image.png; path = "2StarsSmall@2x.png"; sourceTree = "<group>"; };
		85326DFF182204F900414E02 /* 3Stars.png */ = {isa = PBXFileReference; lastKnownFileType = image.png; path = 3Stars.png; sourceTree = "<group>"; };
		85326E00182204F900414E02 /* 3Stars@2x.png */ = {isa = PBXFileReference; lastKnownFileType = image.png; path = "3Stars@2x.png"; sourceTree = "<group>"; };
		85326E01182204F900414E02 /* 3StarsSmall.png */ = {isa = PBXFileReference; lastKnownFileType = image.png; path = 3StarsSmall.png; sourceTree = "<group>"; };
		85326E02182204F900414E02 /* 3StarsSmall@2x.png */ = {isa = PBXFileReference; lastKnownFileType = image.png; path = "3StarsSmall@2x.png"; sourceTree = "<group>"; };
		85326E03182204F900414E02 /* 4Stars.png */ = {isa = PBXFileReference; lastKnownFileType = image.png; path = 4Stars.png; sourceTree = "<group>"; };
		85326E04182204F900414E02 /* 4Stars@2x.png */ = {isa = PBXFileReference; lastKnownFileType = image.png; path = "4Stars@2x.png"; sourceTree = "<group>"; };
		85326E05182204F900414E02 /* 4StarsSmall.png */ = {isa = PBXFileReference; lastKnownFileType = image.png; path = 4StarsSmall.png; sourceTree = "<group>"; };
		85326E06182204F900414E02 /* 4StarsSmall@2x.png */ = {isa = PBXFileReference; lastKnownFileType = image.png; path = "4StarsSmall@2x.png"; sourceTree = "<group>"; };
		85326E07182204F900414E02 /* 5Stars.png */ = {isa = PBXFileReference; lastKnownFileType = image.png; path = 5Stars.png; sourceTree = "<group>"; };
		85326E08182204F900414E02 /* 5Stars@2x.png */ = {isa = PBXFileReference; lastKnownFileType = image.png; path = "5Stars@2x.png"; sourceTree = "<group>"; };
		85326E09182204F900414E02 /* 5StarsSmall.png */ = {isa = PBXFileReference; lastKnownFileType = image.png; path = 5StarsSmall.png; sourceTree = "<group>"; };
		85326E0A182204F900414E02 /* 5StarsSmall@2x.png */ = {isa = PBXFileReference; lastKnownFileType = image.png; path = "5StarsSmall@2x.png"; sourceTree = "<group>"; };
		85326E0B182204F900414E02 /* Gestures.png */ = {isa = PBXFileReference; lastKnownFileType = image.png; path = Gestures.png; sourceTree = "<group>"; };
		85326E0C182204F900414E02 /* Gestures@2x.png */ = {isa = PBXFileReference; lastKnownFileType = image.png; path = "Gestures@2x.png"; sourceTree = "<group>"; };
		85326E0D182204F900414E02 /* Players.png */ = {isa = PBXFileReference; lastKnownFileType = image.png; path = Players.png; sourceTree = "<group>"; };
		85326E0E182204F900414E02 /* Players@2x.png */ = {isa = PBXFileReference; lastKnownFileType = image.png; path = "Players@2x.png"; sourceTree = "<group>"; };
		85326E271822063500414E02 /* PlayersViewController.h */ = {isa = PBXFileReference; fileEncoding = 4; lastKnownFileType = sourcecode.c.h; path = PlayersViewController.h; sourceTree = "<group>"; };
		85326E281822063500414E02 /* PlayersViewController.m */ = {isa = PBXFileReference; fileEncoding = 4; lastKnownFileType = sourcecode.c.objc; path = PlayersViewController.m; sourceTree = "<group>"; };
		85326E2A182206D300414E02 /* Player.h */ = {isa = PBXFileReference; fileEncoding = 4; lastKnownFileType = sourcecode.c.h; path = Player.h; sourceTree = "<group>"; };
		85326E2B182206D300414E02 /* Player.m */ = {isa = PBXFileReference; fileEncoding = 4; lastKnownFileType = sourcecode.c.objc; path = Player.m; sourceTree = "<group>"; };
		85326E2D182210AB00414E02 /* PlayerCell.h */ = {isa = PBXFileReference; fileEncoding = 4; lastKnownFileType = sourcecode.c.h; path = PlayerCell.h; sourceTree = "<group>"; };
		85326E2E182210AB00414E02 /* PlayerCell.m */ = {isa = PBXFileReference; fileEncoding = 4; lastKnownFileType = sourcecode.c.objc; path = PlayerCell.m; sourceTree = "<group>"; };
		8585C1A218222DA600386110 /* PlayerDetailsViewController.h */ = {isa = PBXFileReference; fileEncoding = 4; lastKnownFileType = sourcecode.c.h; path = PlayerDetailsViewController.h; sourceTree = "<group>"; };
		8585C1A318222DA600386110 /* PlayerDetailsViewController.m */ = {isa = PBXFileReference; fileEncoding = 4; lastKnownFileType = sourcecode.c.objc; path = PlayerDetailsViewController.m; sourceTree = "<group>"; };
/* End PBXFileReference section */

/* Begin PBXFrameworksBuildPhase section */
		85326DBB1821FF2B00414E02 /* Frameworks */ = {
			isa = PBXFrameworksBuildPhase;
			buildActionMask = 2147483647;
			files = (
				85326DC41821FF2B00414E02 /* CoreGraphics.framework in Frameworks */,
				85326DC61821FF2B00414E02 /* UIKit.framework in Frameworks */,
				85326DC21821FF2B00414E02 /* Foundation.framework in Frameworks */,
			);
			runOnlyForDeploymentPostprocessing = 0;
		};
		85326DDC1821FF2B00414E02 /* Frameworks */ = {
			isa = PBXFrameworksBuildPhase;
			buildActionMask = 2147483647;
			files = (
				85326DE11821FF2B00414E02 /* XCTest.framework in Frameworks */,
				85326DE31821FF2B00414E02 /* UIKit.framework in Frameworks */,
				85326DE21821FF2B00414E02 /* Foundation.framework in Frameworks */,
			);
			runOnlyForDeploymentPostprocessing = 0;
		};
/* End PBXFrameworksBuildPhase section */

/* Begin PBXGroup section */
		85326DB51821FF2B00414E02 = {
			isa = PBXGroup;
			children = (
				85326DC71821FF2B00414E02 /* Ratings */,
				85326DE61821FF2B00414E02 /* RatingsTests */,
				85326DC01821FF2B00414E02 /* Frameworks */,
				85326DBF1821FF2B00414E02 /* Products */,
				85326DF6182204F900414E02 /* Images */,
			);
			sourceTree = "<group>";
		};
		85326DBF1821FF2B00414E02 /* Products */ = {
			isa = PBXGroup;
			children = (
				85326DBE1821FF2B00414E02 /* Ratings.app */,
				85326DDF1821FF2B00414E02 /* RatingsTests.xctest */,
			);
			name = Products;
			sourceTree = "<group>";
		};
		85326DC01821FF2B00414E02 /* Frameworks */ = {
			isa = PBXGroup;
			children = (
				85326DC11821FF2B00414E02 /* Foundation.framework */,
				85326DC31821FF2B00414E02 /* CoreGraphics.framework */,
				85326DC51821FF2B00414E02 /* UIKit.framework */,
				85326DE01821FF2B00414E02 /* XCTest.framework */,
			);
			name = Frameworks;
			sourceTree = "<group>";
		};
		85326DC71821FF2B00414E02 /* Ratings */ = {
			isa = PBXGroup;
			children = (
				85326DD01821FF2B00414E02 /* AppDelegate.h */,
				85326DD11821FF2B00414E02 /* AppDelegate.m */,
				85326DD31821FF2B00414E02 /* Main.storyboard */,
				8585C1A218222DA600386110 /* PlayerDetailsViewController.h */,
				8585C1A318222DA600386110 /* PlayerDetailsViewController.m */,
				85326E2D182210AB00414E02 /* PlayerCell.h */,
				85326E2E182210AB00414E02 /* PlayerCell.m */,
				85326E271822063500414E02 /* PlayersViewController.h */,
				85326E2A182206D300414E02 /* Player.h */,
				85326E2B182206D300414E02 /* Player.m */,
				85326E281822063500414E02 /* PlayersViewController.m */,
				85326DD61821FF2B00414E02 /* ViewController.h */,
				85326DD71821FF2B00414E02 /* ViewController.m */,
				85326DD91821FF2B00414E02 /* Images.xcassets */,
				85326DC81821FF2B00414E02 /* Supporting Files */,
			);
			path = Ratings;
			sourceTree = "<group>";
		};
		85326DC81821FF2B00414E02 /* Supporting Files */ = {
			isa = PBXGroup;
			children = (
				85326DC91821FF2B00414E02 /* Ratings-Info.plist */,
				85326DCA1821FF2B00414E02 /* InfoPlist.strings */,
				85326DCD1821FF2B00414E02 /* main.m */,
				85326DCF1821FF2B00414E02 /* Ratings-Prefix.pch */,
			);
			name = "Supporting Files";
			sourceTree = "<group>";
		};
		85326DE61821FF2B00414E02 /* RatingsTests */ = {
			isa = PBXGroup;
			children = (
				85326DEC1821FF2B00414E02 /* RatingsTests.m */,
				85326DE71821FF2B00414E02 /* Supporting Files */,
			);
			path = RatingsTests;
			sourceTree = "<group>";
		};
		85326DE71821FF2B00414E02 /* Supporting Files */ = {
			isa = PBXGroup;
			children = (
				85326DE81821FF2B00414E02 /* RatingsTests-Info.plist */,
				85326DE91821FF2B00414E02 /* InfoPlist.strings */,
			);
			name = "Supporting Files";
			sourceTree = "<group>";
		};
		85326DF6182204F900414E02 /* Images */ = {
			isa = PBXGroup;
			children = (
				85326DF7182204F900414E02 /* 1Star.png */,
				85326DF8182204F900414E02 /* 1Star@2x.png */,
				85326DF9182204F900414E02 /* 1StarSmall.png */,
				85326DFA182204F900414E02 /* 1StarSmall@2x.png */,
				85326DFB182204F900414E02 /* 2Stars.png */,
				85326DFC182204F900414E02 /* 2Stars@2x.png */,
				85326DFD182204F900414E02 /* 2StarsSmall.png */,
				85326DFE182204F900414E02 /* 2StarsSmall@2x.png */,
				85326DFF182204F900414E02 /* 3Stars.png */,
				85326E00182204F900414E02 /* 3Stars@2x.png */,
				85326E01182204F900414E02 /* 3StarsSmall.png */,
				85326E02182204F900414E02 /* 3StarsSmall@2x.png */,
				85326E03182204F900414E02 /* 4Stars.png */,
				85326E04182204F900414E02 /* 4Stars@2x.png */,
				85326E05182204F900414E02 /* 4StarsSmall.png */,
				85326E06182204F900414E02 /* 4StarsSmall@2x.png */,
				85326E07182204F900414E02 /* 5Stars.png */,
				85326E08182204F900414E02 /* 5Stars@2x.png */,
				85326E09182204F900414E02 /* 5StarsSmall.png */,
				85326E0A182204F900414E02 /* 5StarsSmall@2x.png */,
				85326E0B182204F900414E02 /* Gestures.png */,
				85326E0C182204F900414E02 /* Gestures@2x.png */,
				85326E0D182204F900414E02 /* Players.png */,
				85326E0E182204F900414E02 /* Players@2x.png */,
			);
			name = Images;
			path = ../../Downloads/Images;
			sourceTree = "<group>";
		};
/* End PBXGroup section */

/* Begin PBXNativeTarget section */
		85326DBD1821FF2B00414E02 /* Ratings */ = {
			isa = PBXNativeTarget;
			buildConfigurationList = 85326DF01821FF2B00414E02 /* Build configuration list for PBXNativeTarget "Ratings" */;
			buildPhases = (
				85326DBA1821FF2B00414E02 /* Sources */,
				85326DBB1821FF2B00414E02 /* Frameworks */,
				85326DBC1821FF2B00414E02 /* Resources */,
			);
			buildRules = (
			);
			dependencies = (
			);
			name = Ratings;
			productName = Ratings;
			productReference = 85326DBE1821FF2B00414E02 /* Ratings.app */;
			productType = "com.apple.product-type.application";
		};
		85326DDE1821FF2B00414E02 /* RatingsTests */ = {
			isa = PBXNativeTarget;
			buildConfigurationList = 85326DF31821FF2B00414E02 /* Build configuration list for PBXNativeTarget "RatingsTests" */;
			buildPhases = (
				85326DDB1821FF2B00414E02 /* Sources */,
				85326DDC1821FF2B00414E02 /* Frameworks */,
				85326DDD1821FF2B00414E02 /* Resources */,
			);
			buildRules = (
			);
			dependencies = (
				85326DE51821FF2B00414E02 /* PBXTargetDependency */,
			);
			name = RatingsTests;
			productName = RatingsTests;
			productReference = 85326DDF1821FF2B00414E02 /* RatingsTests.xctest */;
			productType = "com.apple.product-type.bundle.unit-test";
		};
/* End PBXNativeTarget section */

/* Begin PBXProject section */
		85326DB61821FF2B00414E02 /* Project object */ = {
			isa = PBXProject;
			attributes = {
				LastUpgradeCheck = 0500;
				ORGANIZATIONNAME = "Ryan Yogan";
				TargetAttributes = {
					85326DDE1821FF2B00414E02 = {
						TestTargetID = 85326DBD1821FF2B00414E02;
					};
				};
			};
			buildConfigurationList = 85326DB91821FF2B00414E02 /* Build configuration list for PBXProject "Ratings" */;
			compatibilityVersion = "Xcode 3.2";
			developmentRegion = English;
			hasScannedForEncodings = 0;
			knownRegions = (
				en,
				Base,
			);
			mainGroup = 85326DB51821FF2B00414E02;
			productRefGroup = 85326DBF1821FF2B00414E02 /* Products */;
			projectDirPath = "";
			projectRoot = "";
			targets = (
				85326DBD1821FF2B00414E02 /* Ratings */,
				85326DDE1821FF2B00414E02 /* RatingsTests */,
			);
		};
/* End PBXProject section */

/* Begin PBXResourcesBuildPhase section */
		85326DBC1821FF2B00414E02 /* Resources */ = {
			isa = PBXResourcesBuildPhase;
			buildActionMask = 2147483647;
			files = (
				85326E15182204F900414E02 /* 2StarsSmall.png in Resources */,
				85326E21182204F900414E02 /* 5StarsSmall.png in Resources */,
				85326E14182204F900414E02 /* 2Stars@2x.png in Resources */,
				85326E1D182204F900414E02 /* 4StarsSmall.png in Resources */,
				85326E12182204F900414E02 /* 1StarSmall@2x.png in Resources */,
				85326DDA1821FF2B00414E02 /* Images.xcassets in Resources */,
				85326E1E182204F900414E02 /* 4StarsSmall@2x.png in Resources */,
				85326DCC1821FF2B00414E02 /* InfoPlist.strings in Resources */,
				85326E24182204F900414E02 /* Gestures@2x.png in Resources */,
				85326E17182204F900414E02 /* 3Stars.png in Resources */,
				85326E23182204F900414E02 /* Gestures.png in Resources */,
				85326DD51821FF2B00414E02 /* Main.storyboard in Resources */,
				85326E25182204F900414E02 /* Players.png in Resources */,
				85326E19182204F900414E02 /* 3StarsSmall.png in Resources */,
				85326E13182204F900414E02 /* 2Stars.png in Resources */,
				85326E1A182204F900414E02 /* 3StarsSmall@2x.png in Resources */,
				85326E11182204F900414E02 /* 1StarSmall.png in Resources */,
				85326E18182204F900414E02 /* 3Stars@2x.png in Resources */,
				85326E26182204F900414E02 /* Players@2x.png in Resources */,
				85326E0F182204F900414E02 /* 1Star.png in Resources */,
				85326E16182204F900414E02 /* 2StarsSmall@2x.png in Resources */,
				85326E1B182204F900414E02 /* 4Stars.png in Resources */,
				85326E10182204F900414E02 /* 1Star@2x.png in Resources */,
				85326E22182204F900414E02 /* 5StarsSmall@2x.png in Resources */,
				85326E1C182204F900414E02 /* 4Stars@2x.png in Resources */,
				85326E20182204F900414E02 /* 5Stars@2x.png in Resources */,
				85326E1F182204F900414E02 /* 5Stars.png in Resources */,
			);
			runOnlyForDeploymentPostprocessing = 0;
		};
		85326DDD1821FF2B00414E02 /* Resources */ = {
			isa = PBXResourcesBuildPhase;
			buildActionMask = 2147483647;
			files = (
				85326DEB1821FF2B00414E02 /* InfoPlist.strings in Resources */,
			);
			runOnlyForDeploymentPostprocessing = 0;
		};
/* End PBXResourcesBuildPhase section */

/* Begin PBXSourcesBuildPhase section */
		85326DBA1821FF2B00414E02 /* Sources */ = {
			isa = PBXSourcesBuildPhase;
			buildActionMask = 2147483647;
			files = (
				85326DD81821FF2B00414E02 /* ViewController.m in Sources */,
				85326E291822063500414E02 /* PlayersViewController.m in Sources */,
				85326DD21821FF2B00414E02 /* AppDelegate.m in Sources */,
				85326DCE1821FF2B00414E02 /* main.m in Sources */,
				85326E2F182210AB00414E02 /* PlayerCell.m in Sources */,
				85326E2C182206D300414E02 /* Player.m in Sources */,
				8585C1A418222DA600386110 /* PlayerDetailsViewController.m in Sources */,
			);
			runOnlyForDeploymentPostprocessing = 0;
		};
		85326DDB1821FF2B00414E02 /* Sources */ = {
			isa = PBXSourcesBuildPhase;
			buildActionMask = 2147483647;
			files = (
				85326DED1821FF2B00414E02 /* RatingsTests.m in Sources */,
			);
			runOnlyForDeploymentPostprocessing = 0;
		};
/* End PBXSourcesBuildPhase section */

/* Begin PBXTargetDependency section */
		85326DE51821FF2B00414E02 /* PBXTargetDependency */ = {
			isa = PBXTargetDependency;
			target = 85326DBD1821FF2B00414E02 /* Ratings */;
			targetProxy = 85326DE41821FF2B00414E02 /* PBXContainerItemProxy */;
		};
/* End PBXTargetDependency section */

/* Begin PBXVariantGroup section */
		85326DCA1821FF2B00414E02 /* InfoPlist.strings */ = {
			isa = PBXVariantGroup;
			children = (
				85326DCB1821FF2B00414E02 /* en */,
			);
			name = InfoPlist.strings;
			sourceTree = "<group>";
		};
		85326DD31821FF2B00414E02 /* Main.storyboard */ = {
			isa = PBXVariantGroup;
			children = (
				85326DD41821FF2B00414E02 /* Base */,
			);
			name = Main.storyboard;
			sourceTree = "<group>";
		};
		85326DE91821FF2B00414E02 /* InfoPlist.strings */ = {
			isa = PBXVariantGroup;
			children = (
				85326DEA1821FF2B00414E02 /* en */,
			);
			name = InfoPlist.strings;
			sourceTree = "<group>";
		};
/* End PBXVariantGroup section */

/* Begin XCBuildConfiguration section */
		85326DEE1821FF2B00414E02 /* Debug */ = {
			isa = XCBuildConfiguration;
			buildSettings = {
				ALWAYS_SEARCH_USER_PATHS = NO;
				ARCHS = "$(ARCHS_STANDARD_INCLUDING_64_BIT)";
				CLANG_CXX_LANGUAGE_STANDARD = "gnu++0x";
				CLANG_CXX_LIBRARY = "libc++";
				CLANG_ENABLE_MODULES = YES;
				CLANG_ENABLE_OBJC_ARC = YES;
				CLANG_WARN_BOOL_CONVERSION = YES;
				CLANG_WARN_CONSTANT_CONVERSION = YES;
				CLANG_WARN_DIRECT_OBJC_ISA_USAGE = YES_ERROR;
				CLANG_WARN_EMPTY_BODY = YES;
				CLANG_WARN_ENUM_CONVERSION = YES;
				CLANG_WARN_INT_CONVERSION = YES;
				CLANG_WARN_OBJC_ROOT_CLASS = YES_ERROR;
				CLANG_WARN__DUPLICATE_METHOD_MATCH = YES;
				"CODE_SIGN_IDENTITY[sdk=iphoneos*]" = "iPhone Developer";
				COPY_PHASE_STRIP = NO;
				GCC_C_LANGUAGE_STANDARD = gnu99;
				GCC_DYNAMIC_NO_PIC = NO;
				GCC_OPTIMIZATION_LEVEL = 0;
				GCC_PREPROCESSOR_DEFINITIONS = (
					"DEBUG=1",
					"$(inherited)",
				);
				GCC_SYMBOLS_PRIVATE_EXTERN = NO;
				GCC_WARN_64_TO_32_BIT_CONVERSION = YES;
				GCC_WARN_ABOUT_RETURN_TYPE = YES_ERROR;
				GCC_WARN_UNDECLARED_SELECTOR = YES;
				GCC_WARN_UNINITIALIZED_AUTOS = YES;
				GCC_WARN_UNUSED_FUNCTION = YES;
				GCC_WARN_UNUSED_VARIABLE = YES;
				IPHONEOS_DEPLOYMENT_TARGET = 7.0;
				ONLY_ACTIVE_ARCH = YES;
				SDKROOT = iphoneos;
			};
			name = Debug;
		};
		85326DEF1821FF2B00414E02 /* Release */ = {
			isa = XCBuildConfiguration;
			buildSettings = {
				ALWAYS_SEARCH_USER_PATHS = NO;
				ARCHS = "$(ARCHS_STANDARD_INCLUDING_64_BIT)";
				CLANG_CXX_LANGUAGE_STANDARD = "gnu++0x";
				CLANG_CXX_LIBRARY = "libc++";
				CLANG_ENABLE_MODULES = YES;
				CLANG_ENABLE_OBJC_ARC = YES;
				CLANG_WARN_BOOL_CONVERSION = YES;
				CLANG_WARN_CONSTANT_CONVERSION = YES;
				CLANG_WARN_DIRECT_OBJC_ISA_USAGE = YES_ERROR;
				CLANG_WARN_EMPTY_BODY = YES;
				CLANG_WARN_ENUM_CONVERSION = YES;
				CLANG_WARN_INT_CONVERSION = YES;
				CLANG_WARN_OBJC_ROOT_CLASS = YES_ERROR;
				CLANG_WARN__DUPLICATE_METHOD_MATCH = YES;
				"CODE_SIGN_IDENTITY[sdk=iphoneos*]" = "iPhone Developer";
				COPY_PHASE_STRIP = YES;
				ENABLE_NS_ASSERTIONS = NO;
				GCC_C_LANGUAGE_STANDARD = gnu99;
				GCC_WARN_64_TO_32_BIT_CONVERSION = YES;
				GCC_WARN_ABOUT_RETURN_TYPE = YES_ERROR;
				GCC_WARN_UNDECLARED_SELECTOR = YES;
				GCC_WARN_UNINITIALIZED_AUTOS = YES;
				GCC_WARN_UNUSED_FUNCTION = YES;
				GCC_WARN_UNUSED_VARIABLE = YES;
				IPHONEOS_DEPLOYMENT_TARGET = 7.0;
				SDKROOT = iphoneos;
				VALIDATE_PRODUCT = YES;
			};
			name = Release;
		};
		85326DF11821FF2B00414E02 /* Debug */ = {
			isa = XCBuildConfiguration;
			buildSettings = {
				ASSETCATALOG_COMPILER_APPICON_NAME = AppIcon;
				ASSETCATALOG_COMPILER_LAUNCHIMAGE_NAME = LaunchImage;
				GCC_PRECOMPILE_PREFIX_HEADER = YES;
				GCC_PREFIX_HEADER = "Ratings/Ratings-Prefix.pch";
				INFOPLIST_FILE = "Ratings/Ratings-Info.plist";
				PRODUCT_NAME = "$(TARGET_NAME)";
				WRAPPER_EXTENSION = app;
			};
			name = Debug;
		};
		85326DF21821FF2B00414E02 /* Release */ = {
			isa = XCBuildConfiguration;
			buildSettings = {
				ASSETCATALOG_COMPILER_APPICON_NAME = AppIcon;
				ASSETCATALOG_COMPILER_LAUNCHIMAGE_NAME = LaunchImage;
				GCC_PRECOMPILE_PREFIX_HEADER = YES;
				GCC_PREFIX_HEADER = "Ratings/Ratings-Prefix.pch";
				INFOPLIST_FILE = "Ratings/Ratings-Info.plist";
				PRODUCT_NAME = "$(TARGET_NAME)";
				WRAPPER_EXTENSION = app;
			};
			name = Release;
		};
		85326DF41821FF2B00414E02 /* Debug */ = {
			isa = XCBuildConfiguration;
			buildSettings = {
				ARCHS = "$(ARCHS_STANDARD_INCLUDING_64_BIT)";
				BUNDLE_LOADER = "$(BUILT_PRODUCTS_DIR)/Ratings.app/Ratings";
				FRAMEWORK_SEARCH_PATHS = (
					"$(SDKROOT)/Developer/Library/Frameworks",
					"$(inherited)",
					"$(DEVELOPER_FRAMEWORKS_DIR)",
				);
				GCC_PRECOMPILE_PREFIX_HEADER = YES;
				GCC_PREFIX_HEADER = "Ratings/Ratings-Prefix.pch";
				GCC_PREPROCESSOR_DEFINITIONS = (
					"DEBUG=1",
					"$(inherited)",
				);
				INFOPLIST_FILE = "RatingsTests/RatingsTests-Info.plist";
				PRODUCT_NAME = "$(TARGET_NAME)";
				TEST_HOST = "$(BUNDLE_LOADER)";
				WRAPPER_EXTENSION = xctest;
			};
			name = Debug;
		};
		85326DF51821FF2B00414E02 /* Release */ = {
			isa = XCBuildConfiguration;
			buildSettings = {
				ARCHS = "$(ARCHS_STANDARD_INCLUDING_64_BIT)";
				BUNDLE_LOADER = "$(BUILT_PRODUCTS_DIR)/Ratings.app/Ratings";
				FRAMEWORK_SEARCH_PATHS = (
					"$(SDKROOT)/Developer/Library/Frameworks",
					"$(inherited)",
					"$(DEVELOPER_FRAMEWORKS_DIR)",
				);
				GCC_PRECOMPILE_PREFIX_HEADER = YES;
				GCC_PREFIX_HEADER = "Ratings/Ratings-Prefix.pch";
				INFOPLIST_FILE = "RatingsTests/RatingsTests-Info.plist";
				PRODUCT_NAME = "$(TARGET_NAME)";
				TEST_HOST = "$(BUNDLE_LOADER)";
				WRAPPER_EXTENSION = xctest;
			};
			name = Release;
		};
/* End XCBuildConfiguration section */

/* Begin XCConfigurationList section */
		85326DB91821FF2B00414E02 /* Build configuration list for PBXProject "Ratings" */ = {
			isa = XCConfigurationList;
			buildConfigurations = (
				85326DEE1821FF2B00414E02 /* Debug */,
				85326DEF1821FF2B00414E02 /* Release */,
			);
			defaultConfigurationIsVisible = 0;
			defaultConfigurationName = Release;
		};
		85326DF01821FF2B00414E02 /* Build configuration list for PBXNativeTarget "Ratings" */ = {
			isa = XCConfigurationList;
			buildConfigurations = (
				85326DF11821FF2B00414E02 /* Debug */,
				85326DF21821FF2B00414E02 /* Release */,
			);
			defaultConfigurationIsVisible = 0;
			defaultConfigurationName = Release;
		};
		85326DF31821FF2B00414E02 /* Build configuration list for PBXNativeTarget "RatingsTests" */ = {
			isa = XCConfigurationList;
			buildConfigurations = (
				85326DF41821FF2B00414E02 /* Debug */,
				85326DF51821FF2B00414E02 /* Release */,
			);
			defaultConfigurationIsVisible = 0;
			defaultConfigurationName = Release;
		};
/* End XCConfigurationList section */
	};
	rootObject = 85326DB61821FF2B00414E02 /* Project object */;
}
